
Microsoft Visual Studio Solution File, Format Version 12.00
# Visual Studio 15
VisualStudioVersion = 15.0.27703.2035
MinimumVisualStudioVersion = 10.0.40219.1
Project("{FAE04EC0-301F-11D3-BF4B-00C04F79EFBC}") = "Cama", "src\Cama\Cama.csproj", "{5566D42B-8E32-473A-AD1B-1717B00FB092}"
EndProject
Project("{FAE04EC0-301F-11D3-BF4B-00C04F79EFBC}") = "Cama.Infrastructure", "src\Cama.Infrastructure\Cama.Infrastructure.csproj", "{4E413455-59C5-4DA5-870A-A3481D2C6B8A}"
EndProject
Project("{FAE04EC0-301F-11D3-BF4B-00C04F79EFBC}") = "Cama.Core", "src\Cama.Core\Cama.Core.csproj", "{43EB1E4E-4F79-4554-B358-4A6D711CE39A}"
EndProject
Project("{2150E333-8FDC-42A3-9474-1A3956D46DE8}") = "Modules", "Modules", "{6490D4F2-E591-4013-A80A-6BB0B50F2C21}"
EndProject
Project("{FAE04EC0-301F-11D3-BF4B-00C04F79EFBC}") = "Cama.Module.Mutation", "src\Cama.Module.Mutation\Cama.Module.Mutation.csproj", "{492649C1-125A-457E-8F14-9E785DCFFD49}"
EndProject
Project("{FAE04EC0-301F-11D3-BF4B-00C04F79EFBC}") = "Cama.Module.Start", "src\Cama.Module.Start\Cama.Module.Start.csproj", "{31FAF894-3343-4FD3-9116-A27A19AFD45B}"
EndProject
Project("{FAE04EC0-301F-11D3-BF4B-00C04F79EFBC}") = "Cama.Module.Debug", "src\Cama.Module.Debug\Cama.Module.Debug.csproj", "{A205B338-B1D2-4B72-8D13-58C67CD75306}"
EndProject
Project("{FAE04EC0-301F-11D3-BF4B-00C04F79EFBC}") = "Cama.Module.Menu", "src\Cama.Module.Menu\Cama.Module.Menu.csproj", "{9A10E0FB-442E-4B7F-8225-3FE14AFD756A}"
EndProject
Project("{FAE04EC0-301F-11D3-BF4B-00C04F79EFBC}") = "Cama.Module.Loading", "src\Cama.Module.Loading\Cama.Module.Loading.csproj", "{F98A17E0-3581-4E4C-B5E2-C436FE2E05DA}"
EndProject
Project("{FAE04EC0-301F-11D3-BF4B-00C04F79EFBC}") = "Cama.Tests", "src\Cama.Tests\Cama.Tests.csproj", "{4930103E-0E46-474A-B1F5-4F9AA3943C27}"
EndProject
Project("{FAE04EC0-301F-11D3-BF4B-00C04F79EFBC}") = "Cama.Console", "src\Cama.Console\Cama.Console.csproj", "{659E779A-5505-4F25-B69D-C869B3A0C7F5}"
EndProject
Project("{2150E333-8FDC-42A3-9474-1A3956D46DE8}") = "Tests", "Tests", "{FAEEF1CD-93F4-4F98-A66A-1B8CBEAECF19}"
EndProject
Global
	GlobalSection(SolutionConfigurationPlatforms) = preSolution
		Debug|Any CPU = Debug|Any CPU
		Release|Any CPU = Release|Any CPU
	EndGlobalSection
	GlobalSection(ProjectConfigurationPlatforms) = postSolution
		{5566D42B-8E32-473A-AD1B-1717B00FB092}.Debug|Any CPU.ActiveCfg = Debug|Any CPU
		{5566D42B-8E32-473A-AD1B-1717B00FB092}.Debug|Any CPU.Build.0 = Debug|Any CPU
		{5566D42B-8E32-473A-AD1B-1717B00FB092}.Release|Any CPU.ActiveCfg = Release|Any CPU
		{5566D42B-8E32-473A-AD1B-1717B00FB092}.Release|Any CPU.Build.0 = Release|Any CPU
		{4E413455-59C5-4DA5-870A-A3481D2C6B8A}.Debug|Any CPU.ActiveCfg = Debug|Any CPU
		{4E413455-59C5-4DA5-870A-A3481D2C6B8A}.Debug|Any CPU.Build.0 = Debug|Any CPU
		{4E413455-59C5-4DA5-870A-A3481D2C6B8A}.Release|Any CPU.ActiveCfg = Release|Any CPU
		{4E413455-59C5-4DA5-870A-A3481D2C6B8A}.Release|Any CPU.Build.0 = Release|Any CPU
		{43EB1E4E-4F79-4554-B358-4A6D711CE39A}.Debug|Any CPU.ActiveCfg = Debug|Any CPU
		{43EB1E4E-4F79-4554-B358-4A6D711CE39A}.Debug|Any CPU.Build.0 = Debug|Any CPU
		{43EB1E4E-4F79-4554-B358-4A6D711CE39A}.Release|Any CPU.ActiveCfg = Release|Any CPU
		{43EB1E4E-4F79-4554-B358-4A6D711CE39A}.Release|Any CPU.Build.0 = Release|Any CPU
		{492649C1-125A-457E-8F14-9E785DCFFD49}.Debug|Any CPU.ActiveCfg = Debug|Any CPU
		{492649C1-125A-457E-8F14-9E785DCFFD49}.Debug|Any CPU.Build.0 = Debug|Any CPU
		{492649C1-125A-457E-8F14-9E785DCFFD49}.Release|Any CPU.ActiveCfg = Release|Any CPU
		{492649C1-125A-457E-8F14-9E785DCFFD49}.Release|Any CPU.Build.0 = Release|Any CPU
		{31FAF894-3343-4FD3-9116-A27A19AFD45B}.Debug|Any CPU.ActiveCfg = Debug|Any CPU
		{31FAF894-3343-4FD3-9116-A27A19AFD45B}.Debug|Any CPU.Build.0 = Debug|Any CPU
		{31FAF894-3343-4FD3-9116-A27A19AFD45B}.Release|Any CPU.ActiveCfg = Release|Any CPU
		{31FAF894-3343-4FD3-9116-A27A19AFD45B}.Release|Any CPU.Build.0 = Release|Any CPU
		{A205B338-B1D2-4B72-8D13-58C67CD75306}.Debug|Any CPU.ActiveCfg = Debug|Any CPU
		{A205B338-B1D2-4B72-8D13-58C67CD75306}.Debug|Any CPU.Build.0 = Debug|Any CPU
		{A205B338-B1D2-4B72-8D13-58C67CD75306}.Release|Any CPU.ActiveCfg = Release|Any CPU
		{A205B338-B1D2-4B72-8D13-58C67CD75306}.Release|Any CPU.Build.0 = Release|Any CPU
		{9A10E0FB-442E-4B7F-8225-3FE14AFD756A}.Debug|Any CPU.ActiveCfg = Debug|Any CPU
		{9A10E0FB-442E-4B7F-8225-3FE14AFD756A}.Debug|Any CPU.Build.0 = Debug|Any CPU
		{9A10E0FB-442E-4B7F-8225-3FE14AFD756A}.Release|Any CPU.ActiveCfg = Release|Any CPU
		{9A10E0FB-442E-4B7F-8225-3FE14AFD756A}.Release|Any CPU.Build.0 = Release|Any CPU
		{F98A17E0-3581-4E4C-B5E2-C436FE2E05DA}.Debug|Any CPU.ActiveCfg = Debug|Any CPU
		{F98A17E0-3581-4E4C-B5E2-C436FE2E05DA}.Debug|Any CPU.Build.0 = Debug|Any CPU
		{F98A17E0-3581-4E4C-B5E2-C436FE2E05DA}.Release|Any CPU.ActiveCfg = Release|Any CPU
		{F98A17E0-3581-4E4C-B5E2-C436FE2E05DA}.Release|Any CPU.Build.0 = Release|Any CPU
		{4930103E-0E46-474A-B1F5-4F9AA3943C27}.Debug|Any CPU.ActiveCfg = Debug|Any CPU
		{4930103E-0E46-474A-B1F5-4F9AA3943C27}.Debug|Any CPU.Build.0 = Debug|Any CPU
		{4930103E-0E46-474A-B1F5-4F9AA3943C27}.Release|Any CPU.ActiveCfg = Release|Any CPU
		{4930103E-0E46-474A-B1F5-4F9AA3943C27}.Release|Any CPU.Build.0 = Release|Any CPU
		{659E779A-5505-4F25-B69D-C869B3A0C7F5}.Debug|Any CPU.ActiveCfg = Debug|Any CPU
		{659E779A-5505-4F25-B69D-C869B3A0C7F5}.Debug|Any CPU.Build.0 = Debug|Any CPU
		{659E779A-5505-4F25-B69D-C869B3A0C7F5}.Release|Any CPU.ActiveCfg = Release|Any CPU
		{659E779A-5505-4F25-B69D-C869B3A0C7F5}.Release|Any CPU.Build.0 = Release|Any CPU
	EndGlobalSection
	GlobalSection(SolutionProperties) = preSolution
		HideSolutionNode = FALSE
	EndGlobalSection
	GlobalSection(NestedProjects) = preSolution
		{492649C1-125A-457E-8F14-9E785DCFFD49} = {6490D4F2-E591-4013-A80A-6BB0B50F2C21}
		{31FAF894-3343-4FD3-9116-A27A19AFD45B} = {6490D4F2-E591-4013-A80A-6BB0B50F2C21}
		{A205B338-B1D2-4B72-8D13-58C67CD75306} = {6490D4F2-E591-4013-A80A-6BB0B50F2C21}
		{9A10E0FB-442E-4B7F-8225-3FE14AFD756A} = {6490D4F2-E591-4013-A80A-6BB0B50F2C21}
		{F98A17E0-3581-4E4C-B5E2-C436FE2E05DA} = {6490D4F2-E591-4013-A80A-6BB0B50F2C21}
		{4930103E-0E46-474A-B1F5-4F9AA3943C27} = {FAEEF1CD-93F4-4F98-A66A-1B8CBEAECF19}
	EndGlobalSection
	GlobalSection(ExtensibilityGlobals) = postSolution
		SolutionGuid = {C14D27F5-1332-495A-A4BA-A03DBD925174}
	EndGlobalSection
EndGlobal
