
Microsoft Visual Studio Solution File, Format Version 12.00
# Visual Studio Version 16
VisualStudioVersion = 16.0.29509.3
MinimumVisualStudioVersion = 10.0.40219.1
Project("{FAE04EC0-301F-11D3-BF4B-00C04F79EFBC}") = "Unima", "src\Unima\Unima.csproj", "{5566D42B-8E32-473A-AD1B-1717B00FB092}"
EndProject
Project("{FAE04EC0-301F-11D3-BF4B-00C04F79EFBC}") = "Unima.Application", "src\Unima.Application\Unima.Application.csproj", "{4E413455-59C5-4DA5-870A-A3481D2C6B8A}"
EndProject
Project("{FAE04EC0-301F-11D3-BF4B-00C04F79EFBC}") = "Unima.Core", "src\Unima.Core\Unima.Core.csproj", "{43EB1E4E-4F79-4554-B358-4A6D711CE39A}"
EndProject
Project("{FAE04EC0-301F-11D3-BF4B-00C04F79EFBC}") = "Unima.Tests", "tests\Unima.Tests\Unima.Tests.csproj", "{4930103E-0E46-474A-B1F5-4F9AA3943C27}"
EndProject
Project("{FAE04EC0-301F-11D3-BF4B-00C04F79EFBC}") = "Unima.Console", "src\Unima.Console\Unima.Console.csproj", "{659E779A-5505-4F25-B69D-C869B3A0C7F5}"
EndProject
Project("{2150E333-8FDC-42A3-9474-1A3956D46DE8}") = "Tests", "Tests", "{FAEEF1CD-93F4-4F98-A66A-1B8CBEAECF19}"
EndProject
Project("{2150E333-8FDC-42A3-9474-1A3956D46DE8}") = "Clients", "Clients", "{A4F21A57-015F-4673-A5A5-6AABEB01BC59}"
EndProject
Project("{2150E333-8FDC-42A3-9474-1A3956D46DE8}") = "Core", "Core", "{6018C720-2F71-47BC-BB8C-8205C14BF262}"
EndProject
Project("{FAE04EC0-301F-11D3-BF4B-00C04F79EFBC}") = "Unima.TestRunner.Console", "src\Unima.TestRunner.Console\Unima.TestRunner.Console.csproj", "{DE7878FE-0F75-44FC-8964-0B3D3E815FD9}"
EndProject
Project("{FAE04EC0-301F-11D3-BF4B-00C04F79EFBC}") = "Unima.Infrastructure", "src\Unima.Infrastructure\Unima.Infrastructure.csproj", "{8A6DDFAB-F6BE-44D9-B58F-6139149875A5}"
EndProject
Project("{2150E333-8FDC-42A3-9474-1A3956D46DE8}") = "HelpClients", "HelpClients", "{D58AF013-64A5-4DFA-B248-94022A2F04F4}"
EndProject
Project("{FAE04EC0-301F-11D3-BF4B-00C04F79EFBC}") = "UnimaVsExtension", "src\UnimaVsExtension\UnimaVsExtension.csproj", "{8D4CD864-3656-48FC-8B2A-F0F710B73928}"
EndProject
Global
	GlobalSection(SolutionConfigurationPlatforms) = preSolution
		Debug|Any CPU = Debug|Any CPU
		Release|Any CPU = Release|Any CPU
	EndGlobalSection
	GlobalSection(ProjectConfigurationPlatforms) = postSolution
		{5566D42B-8E32-473A-AD1B-1717B00FB092}.Debug|Any CPU.ActiveCfg = Debug|Any CPU
		{5566D42B-8E32-473A-AD1B-1717B00FB092}.Debug|Any CPU.Build.0 = Debug|Any CPU
		{5566D42B-8E32-473A-AD1B-1717B00FB092}.Release|Any CPU.ActiveCfg = Release|Any CPU
		{5566D42B-8E32-473A-AD1B-1717B00FB092}.Release|Any CPU.Build.0 = Release|Any CPU
		{4E413455-59C5-4DA5-870A-A3481D2C6B8A}.Debug|Any CPU.ActiveCfg = Debug|Any CPU
		{4E413455-59C5-4DA5-870A-A3481D2C6B8A}.Debug|Any CPU.Build.0 = Debug|Any CPU
		{4E413455-59C5-4DA5-870A-A3481D2C6B8A}.Release|Any CPU.ActiveCfg = Release|Any CPU
		{4E413455-59C5-4DA5-870A-A3481D2C6B8A}.Release|Any CPU.Build.0 = Release|Any CPU
		{43EB1E4E-4F79-4554-B358-4A6D711CE39A}.Debug|Any CPU.ActiveCfg = Debug|Any CPU
		{43EB1E4E-4F79-4554-B358-4A6D711CE39A}.Debug|Any CPU.Build.0 = Debug|Any CPU
		{43EB1E4E-4F79-4554-B358-4A6D711CE39A}.Release|Any CPU.ActiveCfg = Release|Any CPU
		{43EB1E4E-4F79-4554-B358-4A6D711CE39A}.Release|Any CPU.Build.0 = Release|Any CPU
		{4930103E-0E46-474A-B1F5-4F9AA3943C27}.Debug|Any CPU.ActiveCfg = Debug|Any CPU
		{4930103E-0E46-474A-B1F5-4F9AA3943C27}.Debug|Any CPU.Build.0 = Debug|Any CPU
		{4930103E-0E46-474A-B1F5-4F9AA3943C27}.Release|Any CPU.ActiveCfg = Release|Any CPU
		{4930103E-0E46-474A-B1F5-4F9AA3943C27}.Release|Any CPU.Build.0 = Release|Any CPU
		{659E779A-5505-4F25-B69D-C869B3A0C7F5}.Debug|Any CPU.ActiveCfg = Debug|Any CPU
		{659E779A-5505-4F25-B69D-C869B3A0C7F5}.Debug|Any CPU.Build.0 = Debug|Any CPU
		{659E779A-5505-4F25-B69D-C869B3A0C7F5}.Release|Any CPU.ActiveCfg = Release|Any CPU
		{659E779A-5505-4F25-B69D-C869B3A0C7F5}.Release|Any CPU.Build.0 = Release|Any CPU
		{DE7878FE-0F75-44FC-8964-0B3D3E815FD9}.Debug|Any CPU.ActiveCfg = Debug|Any CPU
		{DE7878FE-0F75-44FC-8964-0B3D3E815FD9}.Debug|Any CPU.Build.0 = Debug|Any CPU
		{DE7878FE-0F75-44FC-8964-0B3D3E815FD9}.Release|Any CPU.ActiveCfg = Release|Any CPU
		{DE7878FE-0F75-44FC-8964-0B3D3E815FD9}.Release|Any CPU.Build.0 = Release|Any CPU
		{8A6DDFAB-F6BE-44D9-B58F-6139149875A5}.Debug|Any CPU.ActiveCfg = Debug|Any CPU
		{8A6DDFAB-F6BE-44D9-B58F-6139149875A5}.Debug|Any CPU.Build.0 = Debug|Any CPU
		{8A6DDFAB-F6BE-44D9-B58F-6139149875A5}.Release|Any CPU.ActiveCfg = Release|Any CPU
		{8A6DDFAB-F6BE-44D9-B58F-6139149875A5}.Release|Any CPU.Build.0 = Release|Any CPU
		{8D4CD864-3656-48FC-8B2A-F0F710B73928}.Debug|Any CPU.ActiveCfg = Debug|Any CPU
		{8D4CD864-3656-48FC-8B2A-F0F710B73928}.Debug|Any CPU.Build.0 = Debug|Any CPU
		{8D4CD864-3656-48FC-8B2A-F0F710B73928}.Release|Any CPU.ActiveCfg = Release|Any CPU
		{8D4CD864-3656-48FC-8B2A-F0F710B73928}.Release|Any CPU.Build.0 = Release|Any CPU
	EndGlobalSection
	GlobalSection(SolutionProperties) = preSolution
		HideSolutionNode = FALSE
	EndGlobalSection
	GlobalSection(NestedProjects) = preSolution
		{5566D42B-8E32-473A-AD1B-1717B00FB092} = {A4F21A57-015F-4673-A5A5-6AABEB01BC59}
		{4E413455-59C5-4DA5-870A-A3481D2C6B8A} = {6018C720-2F71-47BC-BB8C-8205C14BF262}
		{43EB1E4E-4F79-4554-B358-4A6D711CE39A} = {6018C720-2F71-47BC-BB8C-8205C14BF262}
		{4930103E-0E46-474A-B1F5-4F9AA3943C27} = {FAEEF1CD-93F4-4F98-A66A-1B8CBEAECF19}
		{659E779A-5505-4F25-B69D-C869B3A0C7F5} = {A4F21A57-015F-4673-A5A5-6AABEB01BC59}
		{DE7878FE-0F75-44FC-8964-0B3D3E815FD9} = {D58AF013-64A5-4DFA-B248-94022A2F04F4}
		{8A6DDFAB-F6BE-44D9-B58F-6139149875A5} = {6018C720-2F71-47BC-BB8C-8205C14BF262}
		{8D4CD864-3656-48FC-8B2A-F0F710B73928} = {A4F21A57-015F-4673-A5A5-6AABEB01BC59}
	EndGlobalSection
	GlobalSection(ExtensibilityGlobals) = postSolution
		SolutionGuid = {C14D27F5-1332-495A-A4BA-A03DBD925174}
	EndGlobalSection
EndGlobal
